<?xml version="1.0" encoding="utf-8"?>
<Project ToolsVersion="4.0" xmlns="http://schemas.microsoft.com/developer/msbuild/2003">
  <ItemGroup>
    <Filter Include="소스 파일">
      <UniqueIdentifier>{4FC737F1-C7A5-4376-A066-2A32D752A2FF}</UniqueIdentifier>
      <Extensions>cpp;c;cc;cxx;c++;def;odl;idl;hpj;bat;asm;asmx</Extensions>
    </Filter>
    <Filter Include="헤더 파일">
      <UniqueIdentifier>{93995380-89BD-4b04-88EB-625FBE52EBFB}</UniqueIdentifier>
      <Extensions>h;hh;hpp;hxx;h++;hm;inl;inc;ipp;xsd</Extensions>
    </Filter>
    <Filter Include="리소스 파일">
      <UniqueIdentifier>{67DA6AB6-F800-4c08-8B7A-83BB121AAD01}</UniqueIdentifier>
      <Extensions>rc;ico;cur;bmp;dlg;rc2;rct;bin;rgs;gif;jpg;jpeg;jpe;resx;tiff;tif;png;wav;mfcribbon-ms</Extensions>
    </Filter>
    <Filter Include="System">
      <UniqueIdentifier>{1a021b28-74a6-466d-b904-a0374422ed63}</UniqueIdentifier>
    </Filter>
    <Filter Include="Renderer">
      <UniqueIdentifier>{5a05126b-291c-40a2-a550-9322ec496090}</UniqueIdentifier>
    </Filter>
    <Filter Include="Engine">
      <UniqueIdentifier>{40d298f2-36a2-4d27-a293-0770d631e6fc}</UniqueIdentifier>
    </Filter>
    <Filter Include="Math">
      <UniqueIdentifier>{4ce059ea-e10e-4507-a42b-3663932eb89f}</UniqueIdentifier>
    </Filter>
    <Filter Include="Plugins">
      <UniqueIdentifier>{49a407ef-3084-4d28-a596-ae33ff6ff4cb}</UniqueIdentifier>
    </Filter>
    <Filter Include="Shader">
      <UniqueIdentifier>{ebdef77b-8715-4d75-9feb-a4fd56d28427}</UniqueIdentifier>
    </Filter>
    <Filter Include="Voxel">
      <UniqueIdentifier>{078131ae-9b12-4658-b99b-51c10c12faec}</UniqueIdentifier>
    </Filter>
    <Filter Include="Primitives">
      <UniqueIdentifier>{cf9c7160-194d-4938-8bbf-5174cc3fe6c0}</UniqueIdentifier>
    </Filter>
    <Filter Include="IO">
      <UniqueIdentifier>{48918263-1e7f-45a3-8a67-a01d93e4907a}</UniqueIdentifier>
    </Filter>
  </ItemGroup>
  <ItemGroup>
    <ClCompile Include="main.cpp">
      <Filter>소스 파일</Filter>
    </ClCompile>
    <ClCompile Include="SeamlessVoxelEngine.cpp">
      <Filter>System</Filter>
    </ClCompile>
    <ClCompile Include="Renderer.cpp">
      <Filter>Renderer</Filter>
    </ClCompile>
    <ClCompile Include="D3DClass.cpp">
      <Filter>Renderer</Filter>
    </ClCompile>
    <ClCompile Include="Mesh.cpp">
      <Filter>Engine</Filter>
    </ClCompile>
    <ClCompile Include="Material.cpp">
      <Filter>Engine</Filter>
    </ClCompile>
    <ClCompile Include="ResourceManager.cpp">
      <Filter>System</Filter>
    </ClCompile>
    <ClCompile Include="Texture.cpp">
      <Filter>Engine</Filter>
    </ClCompile>
    <ClCompile Include="DDSTextureLoader.cpp">
      <Filter>Plugins</Filter>
    </ClCompile>
    <ClCompile Include="WICTextureLoader11.cpp">
      <Filter>Plugins</Filter>
    </ClCompile>
    <ClCompile Include="VoxelTerrain.cpp">
      <Filter>Voxel</Filter>
    </ClCompile>
    <ClCompile Include="VoxelChunk.cpp">
      <Filter>Voxel</Filter>
    </ClCompile>
    <ClCompile Include="VoxelCell.cpp">
      <Filter>Voxel</Filter>
    </ClCompile>
    <ClCompile Include="VoxelBlock.cpp">
      <Filter>Voxel</Filter>
    </ClCompile>
    <ClCompile Include="ChunkMemoryPool.cpp">
      <Filter>Voxel</Filter>
    </ClCompile>
    <ClCompile Include="ShaderManager.cpp">
      <Filter>Shader</Filter>
    </ClCompile>
    <ClCompile Include="Shader.cpp">
      <Filter>Shader</Filter>
    </ClCompile>
    <ClCompile Include="TargaTexture.cpp">
      <Filter>Engine</Filter>
    </ClCompile>
    <ClCompile Include="ColorShader.cpp">
      <Filter>Shader</Filter>
    </ClCompile>
    <ClCompile Include="InstanceColorShader.cpp">
      <Filter>Shader</Filter>
    </ClCompile>
    <ClCompile Include="PrimitiveGenerator.cpp">
      <Filter>Primitives</Filter>
    </ClCompile>
    <ClCompile Include="Camera.cpp">
      <Filter>Engine</Filter>
    </ClCompile>
    <ClCompile Include="D3DInput.cpp">
      <Filter>IO</Filter>
    </ClCompile>
    <ClCompile Include="Timer.cpp">
      <Filter>Engine</Filter>
    </ClCompile>
    <ClCompile Include="RegionFileManager.cpp">
      <Filter>Voxel</Filter>
    </ClCompile>
  </ItemGroup>
  <ItemGroup>
    <ClInclude Include="SeamlessVoxelEngine.h">
      <Filter>System</Filter>
    </ClInclude>
    <ClInclude Include="Renderer.h">
      <Filter>Renderer</Filter>
    </ClInclude>
    <ClInclude Include="Defined.h">
      <Filter>헤더 파일</Filter>
    </ClInclude>
    <ClInclude Include="DxDefined.h">
      <Filter>헤더 파일</Filter>
    </ClInclude>
    <ClInclude Include="AlignedAllocationPolicy.h">
      <Filter>헤더 파일</Filter>
    </ClInclude>
    <ClInclude Include="D3DClass.h">
      <Filter>Renderer</Filter>
    </ClInclude>
    <ClInclude Include="Vertex.h">
      <Filter>Engine</Filter>
    </ClInclude>
    <ClInclude Include="SVMath.h">
      <Filter>Math</Filter>
    </ClInclude>
    <ClInclude Include="Mesh.h">
      <Filter>Engine</Filter>
    </ClInclude>
    <ClInclude Include="Material.h">
      <Filter>Engine</Filter>
    </ClInclude>
    <ClInclude Include="ResourceManager.h">
      <Filter>System</Filter>
    </ClInclude>
    <ClInclude Include="Texture.h">
      <Filter>Engine</Filter>
    </ClInclude>
    <ClInclude Include="DDSTextureLoader.h">
      <Filter>Plugins</Filter>
    </ClInclude>
    <ClInclude Include="WICTextureLoader11.h">
      <Filter>Plugins</Filter>
    </ClInclude>
    <ClInclude Include="ShaderBuffers.h">
      <Filter>Shader</Filter>
    </ClInclude>
    <ClInclude Include="VoxelTerrain.h">
      <Filter>Voxel</Filter>
    </ClInclude>
    <ClInclude Include="VoxelChunk.h">
      <Filter>Voxel</Filter>
    </ClInclude>
    <ClInclude Include="VoxelCell.h">
      <Filter>Voxel</Filter>
    </ClInclude>
    <ClInclude Include="VoxelBlock.h">
      <Filter>Voxel</Filter>
    </ClInclude>
    <ClInclude Include="ChunkMemoryPool.h">
      <Filter>Voxel</Filter>
    </ClInclude>
    <ClInclude Include="ShaderManager.h">
      <Filter>Shader</Filter>
    </ClInclude>
    <ClInclude Include="Shader.h">
      <Filter>Shader</Filter>
    </ClInclude>
    <ClInclude Include="TargaTexture.h">
      <Filter>Engine</Filter>
    </ClInclude>
    <ClInclude Include="ShaderParameter.h">
      <Filter>Shader</Filter>
    </ClInclude>
    <ClInclude Include="ColorShader.h">
      <Filter>Shader</Filter>
    </ClInclude>
    <ClInclude Include="InstancingMesh.h">
      <Filter>Engine</Filter>
    </ClInclude>
    <ClInclude Include="InstanceColorShader.h">
      <Filter>Shader</Filter>
    </ClInclude>
    <ClInclude Include="PrimitiveGenerator.h">
      <Filter>Primitives</Filter>
    </ClInclude>
    <ClInclude Include="Camera.h">
      <Filter>Engine</Filter>
    </ClInclude>
    <ClInclude Include="D3DInput.h">
      <Filter>IO</Filter>
    </ClInclude>
    <ClInclude Include="Timer.h">
      <Filter>Engine</Filter>
    </ClInclude>
    <ClInclude Include="RegionFileManager.h">
      <Filter>Voxel</Filter>
    </ClInclude>
    <ClInclude Include="Rectangle.h">
      <Filter>Math</Filter>
    </ClInclude>
    <ClInclude Include="ThreadPool.h">
      <Filter>System</Filter>
    </ClInclude>
  </ItemGroup>
</Project>